{
  "name": "awesome-emoji-picker",
  "lockfileVersion": 2,
  "requires": true,
  "packages": {
    "": {
      "devDependencies": {
        "@types/firefox-webext-browser": "^120.0.4"
      }
    },
    "node_modules/@types/firefox-webext-browser": {
      "version": "120.0.4",
      "resolved": "https://registry.npmjs.org/@types/firefox-webext-browser/-/firefox-webext-browser-120.0.4.tgz",
      "integrity": "sha512-lBrpf08xhiZBigrtdQfUaqX1UauwZ+skbFiL8u2Tdra/rklkKadYmIzTwkNZSWtuZ7OKpFqbE2HHfDoFqvZf6w==",
      "dev": true,
      "license": "MIT"
    }
  },
  "dependencies": {
    "@types/firefox-webext-browser": {
      "version": "120.0.4",
      "resolved": "https://registry.npmjs.org/@types/firefox-webext-browser/-/firefox-webext-browser-120.0.4.tgz",
      "integrity": "sha512-lBrpf08xhiZBigrtdQfUaqX1UauwZ+skbFiL8u2Tdra/rklkKadYmIzTwkNZSWtuZ7OKpFqbE2HHfDoFqvZf6w==",
      "dev": true
    }
  }
}
