{
  "name": "awesome-emoji-picker",
  "version": "2.0.0",
  "lockfileVersion": 2,
  "requires": true,
  "packages": {
    "": {
      "name": "awesome-emoji-picker",
      "version": "2.0.0",
      "license": "ISC",
      "dependencies": {
        "@emoji-mart/data": "^1.0.1",
        "emoji-mart": "^5.0.0"
      }
    },
    "node_modules/@emoji-mart/data": {
      "version": "1.0.3",
      "resolved": "https://registry.npmjs.org/@emoji-mart/data/-/data-1.0.3.tgz",
      "integrity": "sha512-SwxtfLOPiis9iXwWLjZHpUIUwYV/ghfBG6jpVP2HZgCt/dE8Q4r1RQg1Y5TyYBYKk8N5RKuLWJi1DNrEUIWj+A=="
    },
    "node_modules/emoji-mart": {
      "version": "5.2.0",
      "resolved": "https://registry.npmjs.org/emoji-mart/-/emoji-mart-5.2.0.tgz",
      "integrity": "sha512-0ZTIbemlRjEV0ydF8lDqho2N5l4M7qdNFWGp+w3v32D+F6+DYsmuaZr/k4O79EBvqlDx6rx+B8jeaH2qa0ZNDQ=="
    }
  },
  "dependencies": {
    "@emoji-mart/data": {
      "version": "1.0.3",
      "resolved": "https://registry.npmjs.org/@emoji-mart/data/-/data-1.0.3.tgz",
      "integrity": "sha512-SwxtfLOPiis9iXwWLjZHpUIUwYV/ghfBG6jpVP2HZgCt/dE8Q4r1RQg1Y5TyYBYKk8N5RKuLWJi1DNrEUIWj+A=="
    },
    "emoji-mart": {
      "version": "5.2.0",
      "resolved": "https://registry.npmjs.org/emoji-mart/-/emoji-mart-5.2.0.tgz",
      "integrity": "sha512-0ZTIbemlRjEV0ydF8lDqho2N5l4M7qdNFWGp+w3v32D+F6+DYsmuaZr/k4O79EBvqlDx6rx+B8jeaH2qa0ZNDQ=="
    }
  }
}
